
Microsoft Visual Studio Solution File, Format Version 12.00
# Visual Studio Version 17
VisualStudioVersion = 17.9.34701.34
MinimumVisualStudioVersion = 10.0.40219.1
Project("{FAE04EC0-301F-11D3-BF4B-00C04F79EFBC}") = "WPFHello", "WPFHello.csproj", "{34B75693-DD8C-4592-88AF-3107E605AD36}"
EndProject
Global
	GlobalSection(SolutionConfigurationPlatforms) = preSolution
		Debug|Any CPU = Debug|Any CPU
		Release|Any CPU = Release|Any CPU
	EndGlobalSection
	GlobalSection(ProjectConfigurationPlatforms) = postSolution
		{34B75693-DD8C-4592-88AF-3107E605AD36}.Debug|Any CPU.ActiveCfg = Debug|Any CPU
		{34B75693-DD8C-4592-88AF-3107E605AD36}.Debug|Any CPU.Build.0 = Debug|Any CPU
		{34B75693-DD8C-4592-88AF-3107E605AD36}.Release|Any CPU.ActiveCfg = Release|Any CPU
		{34B75693-DD8C-4592-88AF-3107E605AD36}.Release|Any CPU.Build.0 = Release|Any CPU
	EndGlobalSection
	GlobalSection(SolutionProperties) = preSolution
		HideSolutionNode = FALSE
	EndGlobalSection
	GlobalSection(ExtensibilityGlobals) = postSolution
		SolutionGuid = {33E3BC86-81AA-4379-981A-2E6644D93E5D}
	EndGlobalSection
EndGlobal
